
Microsoft Visual Studio Solution File, Format Version 12.00
# Visual Studio 15
VisualStudioVersion = 15.0.28010.2046
MinimumVisualStudioVersion = 10.0.40219.1
Project("{FAE04EC0-301F-11D3-BF4B-00C04F79EFBC}") = "Array Stacks", "Array Stacks\Array Stacks.csproj", "{D4B79805-88FC-40B5-BC86-606B7C937427}"
EndProject
Global
	GlobalSection(SolutionConfigurationPlatforms) = preSolution
		Debug|Any CPU = Debug|Any CPU
		Release|Any CPU = Release|Any CPU
	EndGlobalSection
	GlobalSection(ProjectConfigurationPlatforms) = postSolution
		{D4B79805-88FC-40B5-BC86-606B7C937427}.Debug|Any CPU.ActiveCfg = Debug|Any CPU
		{D4B79805-88FC-40B5-BC86-606B7C937427}.Debug|Any CPU.Build.0 = Debug|Any CPU
		{D4B79805-88FC-40B5-BC86-606B7C937427}.Release|Any CPU.ActiveCfg = Release|Any CPU
		{D4B79805-88FC-40B5-BC86-606B7C937427}.Release|Any CPU.Build.0 = Release|Any CPU
	EndGlobalSection
	GlobalSection(SolutionProperties) = preSolution
		HideSolutionNode = FALSE
	EndGlobalSection
	GlobalSection(ExtensibilityGlobals) = postSolution
		SolutionGuid = {79017677-17B8-4F70-9047-9038860D3164}
	EndGlobalSection
EndGlobal
