
Microsoft Visual Studio Solution File, Format Version 12.00
# Visual Studio 15
VisualStudioVersion = 15.0.28010.2046
MinimumVisualStudioVersion = 10.0.40219.1
Project("{FAE04EC0-301F-11D3-BF4B-00C04F79EFBC}") = "Introduction to Stacks", "Introduction to Stacks\Introduction to Stacks.csproj", "{BCCAD02D-BF09-433A-A457-E06E7E24FA26}"
EndProject
Global
	GlobalSection(SolutionConfigurationPlatforms) = preSolution
		Debug|Any CPU = Debug|Any CPU
		Release|Any CPU = Release|Any CPU
	EndGlobalSection
	GlobalSection(ProjectConfigurationPlatforms) = postSolution
		{BCCAD02D-BF09-433A-A457-E06E7E24FA26}.Debug|Any CPU.ActiveCfg = Debug|Any CPU
		{BCCAD02D-BF09-433A-A457-E06E7E24FA26}.Debug|Any CPU.Build.0 = Debug|Any CPU
		{BCCAD02D-BF09-433A-A457-E06E7E24FA26}.Release|Any CPU.ActiveCfg = Release|Any CPU
		{BCCAD02D-BF09-433A-A457-E06E7E24FA26}.Release|Any CPU.Build.0 = Release|Any CPU
	EndGlobalSection
	GlobalSection(SolutionProperties) = preSolution
		HideSolutionNode = FALSE
	EndGlobalSection
	GlobalSection(ExtensibilityGlobals) = postSolution
		SolutionGuid = {AE5E8F2E-382E-4AAE-BE16-7B91E49C76DC}
	EndGlobalSection
EndGlobal
